{
  "name": "svelte-tabs",
  "requires": true,
  "lockfileVersion": 1,
  "dependencies": {
    "@types/estree": {
      "version": "0.0.39",
      "resolved": "https://registry.npmjs.org/@types/estree/-/estree-0.0.39.tgz",
      "integrity": "sha512-EYNwp3bU+98cpU4lAWYYL7Zz+2gryWH1qbdDTidVd6hkiR6weksdbMadyXKXNPEkQFhXM+hVO9ZygomHXp+AIw==",
      "dev": true
    },
    "@types/node": {
      "version": "12.7.1",
      "resolved": "https://registry.npmjs.org/@types/node/-/node-12.7.1.tgz",
      "integrity": "sha512-aK9jxMypeSrhiYofWWBf/T7O+KwaiAHzM4sveCdWPn71lzUSMimRnKzhXDKfKwV1kWoBo2P1aGgaIYGLf9/ljw==",
      "dev": true
    },
    "@types/resolve": {
      "version": "0.0.8",
      "resolved": "https://registry.npmjs.org/@types/resolve/-/resolve-0.0.8.tgz",
      "integrity": "sha512-auApPaJf3NPfe18hSoJkp8EbZzer2ISk7o8mCC3M9he/a04+gbMF97NkpD2S8riMGvm4BMRI59/SZQSaLTKpsQ==",
      "dev": true,
      "requires": {
        "@types/node": "*"
      }
    },
    "acorn": {
      "version": "6.2.1",
      "resolved": "https://registry.npmjs.org/acorn/-/acorn-6.2.1.tgz",
      "integrity": "sha512-JD0xT5FCRDNyjDda3Lrg/IxFscp9q4tiYtxE1/nOzlKCk7hIRuYjhq1kCNkbPjMRMZuFq20HNQn1I9k8Oj0E+Q==",
      "dev": true
    },
    "builtin-modules": {
      "version": "3.1.0",
      "resolved": "https://registry.npmjs.org/builtin-modules/-/builtin-modules-3.1.0.tgz",
      "integrity": "sha512-k0KL0aWZuBt2lrxrcASWDfwOLMnodeQjodT/1SxEQAXsHANgo6ZC/VEaSEHCXt7aSTZ4/4H5LKa+tBXmW7Vtvw==",
      "dev": true
    },
    "estree-walker": {
      "version": "0.6.1",
      "resolved": "https://registry.npmjs.org/estree-walker/-/estree-walker-0.6.1.tgz",
      "integrity": "sha512-SqmZANLWS0mnatqbSfRP5g8OXZC12Fgg1IwNtLsyHDzJizORW4khDfjPqJZsemPWBB2uqykUah5YpQ6epsqC/w==",
      "dev": true
    },
    "is-module": {
      "version": "1.0.0",
      "resolved": "https://registry.npmjs.org/is-module/-/is-module-1.0.0.tgz",
      "integrity": "sha1-Mlj7afeMFNW4FdZkM2tM/7ZEFZE=",
      "dev": true
    },
    "path-parse": {
      "version": "1.0.6",
      "resolved": "https://registry.npmjs.org/path-parse/-/path-parse-1.0.6.tgz",
      "integrity": "sha512-GSmOT2EbHrINBf9SR7CDELwlJ8AENk3Qn7OikK4nFYAu3Ote2+JYNVvkpAEQm3/TLNEJFD/xZJjzyxg3KBWOzw==",
      "dev": true
    },
    "require-relative": {
      "version": "0.8.7",
      "resolved": "https://registry.npmjs.org/require-relative/-/require-relative-0.8.7.tgz",
      "integrity": "sha1-eZlTn8ngR6N5KPoZb44VY9q9Nt4=",
      "dev": true
    },
    "resolve": {
      "version": "1.12.0",
      "resolved": "https://registry.npmjs.org/resolve/-/resolve-1.12.0.tgz",
      "integrity": "sha512-B/dOmuoAik5bKcD6s6nXDCjzUKnaDvdkRyAk6rsmsKLipWj4797iothd7jmmUhWTfinVMU+wc56rYKsit2Qy4w==",
      "dev": true,
      "requires": {
        "path-parse": "^1.0.6"
      }
    },
    "rollup": {
      "version": "1.19.4",
      "resolved": "https://registry.npmjs.org/rollup/-/rollup-1.19.4.tgz",
      "integrity": "sha512-G24w409GNj7i/Yam2cQla6qV2k6Nug8bD2DZg9v63QX/cH/dEdbNJg8H4lUm5M1bRpPKRUC465Rm9H51JTKOfQ==",
      "dev": true,
      "requires": {
        "@types/estree": "0.0.39",
        "@types/node": "^12.6.9",
        "acorn": "^6.2.1"
      }
    },
    "rollup-plugin-node-resolve": {
      "version": "4.2.4",
      "resolved": "https://registry.npmjs.org/rollup-plugin-node-resolve/-/rollup-plugin-node-resolve-4.2.4.tgz",
      "integrity": "sha512-t/64I6l7fZ9BxqD3XlX4ZeO6+5RLKyfpwE2CiPNUKa+GocPlQhf/C208ou8y3AwtNsc6bjSk/8/6y/YAyxCIvw==",
      "dev": true,
      "requires": {
        "@types/resolve": "0.0.8",
        "builtin-modules": "^3.1.0",
        "is-module": "^1.0.0",
        "resolve": "^1.10.0"
      }
    },
    "rollup-plugin-svelte": {
      "version": "5.1.0",
      "resolved": "https://registry.npmjs.org/rollup-plugin-svelte/-/rollup-plugin-svelte-5.1.0.tgz",
      "integrity": "sha512-4MRZG29dAWDpoxEs5uIHzDnYafQEOLaKIJAuDYUtFIzEm1F1IGSTlFyjd8/qk4wltlHdu6V7YfZY53+CKryhMg==",
      "dev": true,
      "requires": {
        "require-relative": "^0.8.7",
        "rollup-pluginutils": "^2.3.3",
        "sourcemap-codec": "^1.4.4"
      }
    },
    "rollup-pluginutils": {
      "version": "2.8.1",
      "resolved": "https://registry.npmjs.org/rollup-pluginutils/-/rollup-pluginutils-2.8.1.tgz",
      "integrity": "sha512-J5oAoysWar6GuZo0s+3bZ6sVZAC0pfqKz68De7ZgDi5z63jOVZn1uJL/+z1jeKHNbGII8kAyHF5q8LnxSX5lQg==",
      "dev": true,
      "requires": {
        "estree-walker": "^0.6.1"
      }
    },
    "sourcemap-codec": {
      "version": "1.4.6",
      "resolved": "https://registry.npmjs.org/sourcemap-codec/-/sourcemap-codec-1.4.6.tgz",
      "integrity": "sha512-1ZooVLYFxC448piVLBbtOxFcXwnymH9oUF8nRd3CuYDVvkRBxRl6pB4Mtas5a4drtL+E8LDgFkQNcgIw6tc8Hg==",
      "dev": true
    },
    "svelte": {
      "version": "3.7.1",
      "resolved": "https://registry.npmjs.org/svelte/-/svelte-3.7.1.tgz",
      "integrity": "sha512-MKjFy3YZ2pNUVPTwLNQ9JAVx6KVwfYnm/vbUF/pKLrfDDZiCBKfWPwnffpwGlnIAn7aS+aJoKV0soj464DOs4Q==",
      "dev": true
    }
  }
}
